
Microsoft Visual Studio Solution File, Format Version 12.00
# Visual Studio Version 17
VisualStudioVersion = 17.14.36121.58 d17.14
MinimumVisualStudioVersion = 10.0.40219.1
Project("{FAE04EC0-301F-11D3-BF4B-00C04F79EFBC}") = "Business", "Business.csproj", "{9A73396E-4E2D-47E4-A1BE-AC5B6A9AA8E5}"
EndProject
Project("{FAE04EC0-301F-11D3-BF4B-00C04F79EFBC}") = "EmployeeApp.Tests", "..\EmployeeApp.Tests\EmployeeApp.Tests.csproj", "{B1BF71C9-E1A9-4B52-9E15-1E88C91A2C69}"
EndProject
Global
	GlobalSection(SolutionConfigurationPlatforms) = preSolution
		Debug|Any CPU = Debug|Any CPU
		Release|Any CPU = Release|Any CPU
	EndGlobalSection
	GlobalSection(ProjectConfigurationPlatforms) = postSolution
		{9A73396E-4E2D-47E4-A1BE-AC5B6A9AA8E5}.Debug|Any CPU.ActiveCfg = Debug|Any CPU
		{9A73396E-4E2D-47E4-A1BE-AC5B6A9AA8E5}.Debug|Any CPU.Build.0 = Debug|Any CPU
		{9A73396E-4E2D-47E4-A1BE-AC5B6A9AA8E5}.Release|Any CPU.ActiveCfg = Release|Any CPU
		{9A73396E-4E2D-47E4-A1BE-AC5B6A9AA8E5}.Release|Any CPU.Build.0 = Release|Any CPU
		{B1BF71C9-E1A9-4B52-9E15-1E88C91A2C69}.Debug|Any CPU.ActiveCfg = Debug|Any CPU
		{B1BF71C9-E1A9-4B52-9E15-1E88C91A2C69}.Debug|Any CPU.Build.0 = Debug|Any CPU
		{B1BF71C9-E1A9-4B52-9E15-1E88C91A2C69}.Release|Any CPU.ActiveCfg = Release|Any CPU
		{B1BF71C9-E1A9-4B52-9E15-1E88C91A2C69}.Release|Any CPU.Build.0 = Release|Any CPU
	EndGlobalSection
	GlobalSection(SolutionProperties) = preSolution
		HideSolutionNode = FALSE
	EndGlobalSection
	GlobalSection(ExtensibilityGlobals) = postSolution
		SolutionGuid = {ACD2DC69-702A-49FF-9466-6CC927EC70E3}
	EndGlobalSection
EndGlobal
